
Microsoft Visual Studio Solution File, Format Version 12.00
# Visual Studio Version 17
VisualStudioVersion = 17.0.31912.275
MinimumVisualStudioVersion = 10.0.40219.1
Project("{9A19103F-16F7-4668-BE54-9A1E7A4F7556}") = "Bloxlink.Net.Tests", "tests\Bloxlink.Net.Tests.csproj", "{B7D36A80-B2C6-4202-8CE2-F91B24096C10}"
EndProject
Project("{9A19103F-16F7-4668-BE54-9A1E7A4F7556}") = "Bloxlink.Net", "src\Bloxlink.Net\Bloxlink.Net.csproj", "{D036A6F4-B62B-4C0E-9EE3-F31C8AAB1864}"
EndProject
Project("{2150E333-8FDC-42A3-9474-1A3956D46DE8}") = "Solution Items", "Solution Items", "{6E1D06DD-F4E0-497E-95BA-7D28D22DE054}"
	ProjectSection(SolutionItems) = preProject
		Bloxlink.Net.targets = Bloxlink.Net.targets
		README.md = README.md
	EndProjectSection
EndProject
Global
	GlobalSection(SolutionConfigurationPlatforms) = preSolution
		Debug|Any CPU = Debug|Any CPU
		Release|Any CPU = Release|Any CPU
	EndGlobalSection
	GlobalSection(ProjectConfigurationPlatforms) = postSolution
		{B7D36A80-B2C6-4202-8CE2-F91B24096C10}.Debug|Any CPU.ActiveCfg = Debug|Any CPU
		{B7D36A80-B2C6-4202-8CE2-F91B24096C10}.Debug|Any CPU.Build.0 = Debug|Any CPU
		{B7D36A80-B2C6-4202-8CE2-F91B24096C10}.Release|Any CPU.ActiveCfg = Release|Any CPU
		{B7D36A80-B2C6-4202-8CE2-F91B24096C10}.Release|Any CPU.Build.0 = Release|Any CPU
		{D036A6F4-B62B-4C0E-9EE3-F31C8AAB1864}.Debug|Any CPU.ActiveCfg = Debug|Any CPU
		{D036A6F4-B62B-4C0E-9EE3-F31C8AAB1864}.Debug|Any CPU.Build.0 = Debug|Any CPU
		{D036A6F4-B62B-4C0E-9EE3-F31C8AAB1864}.Release|Any CPU.ActiveCfg = Release|Any CPU
		{D036A6F4-B62B-4C0E-9EE3-F31C8AAB1864}.Release|Any CPU.Build.0 = Release|Any CPU
	EndGlobalSection
	GlobalSection(SolutionProperties) = preSolution
		HideSolutionNode = FALSE
	EndGlobalSection
	GlobalSection(ExtensibilityGlobals) = postSolution
		SolutionGuid = {5457164E-9E03-4A3F-9FE0-E23EC44F4F4A}
	EndGlobalSection
EndGlobal
